
Microsoft Visual Studio Solution File, Format Version 11.00
# Visual Web Developer Express 2010
Project("{FAE04EC0-301F-11D3-BF4B-00C04F79EFBC}") = "JAProject", "JAProject\JAProject.csproj", "{3E4CA056-55B0-4EB4-B162-F26F1BC7CCF7}"
EndProject
Global
	GlobalSection(SolutionConfigurationPlatforms) = preSolution
		Debug|Any CPU = Debug|Any CPU
		Release|Any CPU = Release|Any CPU
	EndGlobalSection
	GlobalSection(ProjectConfigurationPlatforms) = postSolution
		{3E4CA056-55B0-4EB4-B162-F26F1BC7CCF7}.Debug|Any CPU.ActiveCfg = Debug|Any CPU
		{3E4CA056-55B0-4EB4-B162-F26F1BC7CCF7}.Debug|Any CPU.Build.0 = Debug|Any CPU
		{3E4CA056-55B0-4EB4-B162-F26F1BC7CCF7}.Release|Any CPU.ActiveCfg = Release|Any CPU
		{3E4CA056-55B0-4EB4-B162-F26F1BC7CCF7}.Release|Any CPU.Build.0 = Release|Any CPU
	EndGlobalSection
	GlobalSection(SolutionProperties) = preSolution
		HideSolutionNode = FALSE
	EndGlobalSection
EndGlobal
